// !$*UTF8*$!
{
	archiveVersion = 1;
	classes = {
	};
	objectVersion = 50;
	objects = {

/* Begin PBXBuildFile section */
		FD7E43E3260C9F2700ECB47E /* AppDelegate.swift in Sources */ = {isa = PBXBuildFile; fileRef = FD7E43E2260C9F2700ECB47E /* AppDelegate.swift */; };
		FD7E43E5260C9F2700ECB47E /* SceneDelegate.swift in Sources */ = {isa = PBXBuildFile; fileRef = FD7E43E4260C9F2700ECB47E /* SceneDelegate.swift */; };
		FD7E43E7260C9F2700ECB47E /* ViewController.swift in Sources */ = {isa = PBXBuildFile; fileRef = FD7E43E6260C9F2700ECB47E /* ViewController.swift */; };
		FD7E43EA260C9F2700ECB47E /* Main.storyboard in Resources */ = {isa = PBXBuildFile; fileRef = FD7E43E8260C9F2700ECB47E /* Main.storyboard */; };
		FD7E43EC260C9F2A00ECB47E /* Assets.xcassets in Resources */ = {isa = PBXBuildFile; fileRef = FD7E43EB260C9F2A00ECB47E /* Assets.xcassets */; };
		FD7E43EF260C9F2A00ECB47E /* LaunchScreen.storyboard in Resources */ = {isa = PBXBuildFile; fileRef = FD7E43ED260C9F2A00ECB47E /* LaunchScreen.storyboard */; };
		FD7E43FA260C9F2B00ECB47E /* OverlayExampleTests.swift in Sources */ = {isa = PBXBuildFile; fileRef = FD7E43F9260C9F2B00ECB47E /* OverlayExampleTests.swift */; };
		FD7E4405260C9F2B00ECB47E /* OverlayExampleUITests.swift in Sources */ = {isa = PBXBuildFile; fileRef = FD7E4404260C9F2B00ECB47E /* OverlayExampleUITests.swift */; };
		FD7E4417260C9F4F00ECB47E /* OverlayViewController.swift in Sources */ = {isa = PBXBuildFile; fileRef = FD7E4415260C9F4F00ECB47E /* OverlayViewController.swift */; };
		FD7E4418260C9F4F00ECB47E /* OverlayViewController.xib in Resources */ = {isa = PBXBuildFile; fileRef = FD7E4416260C9F4F00ECB47E /* OverlayViewController.xib */; };
		FD7E443F260CA35600ECB47E /* AgreementCell.swift in Sources */ = {isa = PBXBuildFile; fileRef = FD7E443D260CA35600ECB47E /* AgreementCell.swift */; };
		FD7E4440260CA35600ECB47E /* AgreementCell.xib in Resources */ = {isa = PBXBuildFile; fileRef = FD7E443E260CA35600ECB47E /* AgreementCell.xib */; };
		FD7E4448260CA6DD00ECB47E /* DataOverlay.swift in Sources */ = {isa = PBXBuildFile; fileRef = FD7E4447260CA6DD00ECB47E /* DataOverlay.swift */; };
/* End PBXBuildFile section */

/* Begin PBXContainerItemProxy section */
		FD7E43F6260C9F2B00ECB47E /* PBXContainerItemProxy */ = {
			isa = PBXContainerItemProxy;
			containerPortal = FD7E43D7260C9F2700ECB47E /* Project object */;
			proxyType = 1;
			remoteGlobalIDString = FD7E43DE260C9F2700ECB47E;
			remoteInfo = OverlayExample;
		};
		FD7E4401260C9F2B00ECB47E /* PBXContainerItemProxy */ = {
			isa = PBXContainerItemProxy;
			containerPortal = FD7E43D7260C9F2700ECB47E /* Project object */;
			proxyType = 1;
			remoteGlobalIDString = FD7E43DE260C9F2700ECB47E;
			remoteInfo = OverlayExample;
		};
/* End PBXContainerItemProxy section */

/* Begin PBXFileReference section */
		FD7E43DF260C9F2700ECB47E /* OverlayExample.app */ = {isa = PBXFileReference; explicitFileType = wrapper.application; includeInIndex = 0; path = OverlayExample.app; sourceTree = BUILT_PRODUCTS_DIR; };
		FD7E43E2260C9F2700ECB47E /* AppDelegate.swift */ = {isa = PBXFileReference; lastKnownFileType = sourcecode.swift; path = AppDelegate.swift; sourceTree = "<group>"; };
		FD7E43E4260C9F2700ECB47E /* SceneDelegate.swift */ = {isa = PBXFileReference; lastKnownFileType = sourcecode.swift; path = SceneDelegate.swift; sourceTree = "<group>"; };
		FD7E43E6260C9F2700ECB47E /* ViewController.swift */ = {isa = PBXFileReference; lastKnownFileType = sourcecode.swift; path = ViewController.swift; sourceTree = "<group>"; };
		FD7E43E9260C9F2700ECB47E /* Base */ = {isa = PBXFileReference; lastKnownFileType = file.storyboard; name = Base; path = Base.lproj/Main.storyboard; sourceTree = "<group>"; };
		FD7E43EB260C9F2A00ECB47E /* Assets.xcassets */ = {isa = PBXFileReference; lastKnownFileType = folder.assetcatalog; path = Assets.xcassets; sourceTree = "<group>"; };
		FD7E43EE260C9F2A00ECB47E /* Base */ = {isa = PBXFileReference; lastKnownFileType = file.storyboard; name = Base; path = Base.lproj/LaunchScreen.storyboard; sourceTree = "<group>"; };
		FD7E43F0260C9F2A00ECB47E /* Info.plist */ = {isa = PBXFileReference; lastKnownFileType = text.plist.xml; path = Info.plist; sourceTree = "<group>"; };
		FD7E43F5260C9F2B00ECB47E /* OverlayExampleTests.xctest */ = {isa = PBXFileReference; explicitFileType = wrapper.cfbundle; includeInIndex = 0; path = OverlayExampleTests.xctest; sourceTree = BUILT_PRODUCTS_DIR; };
		FD7E43F9260C9F2B00ECB47E /* OverlayExampleTests.swift */ = {isa = PBXFileReference; lastKnownFileType = sourcecode.swift; path = OverlayExampleTests.swift; sourceTree = "<group>"; };
		FD7E43FB260C9F2B00ECB47E /* Info.plist */ = {isa = PBXFileReference; lastKnownFileType = text.plist.xml; path = Info.plist; sourceTree = "<group>"; };
		FD7E4400260C9F2B00ECB47E /* OverlayExampleUITests.xctest */ = {isa = PBXFileReference; explicitFileType = wrapper.cfbundle; includeInIndex = 0; path = OverlayExampleUITests.xctest; sourceTree = BUILT_PRODUCTS_DIR; };
		FD7E4404260C9F2B00ECB47E /* OverlayExampleUITests.swift */ = {isa = PBXFileReference; lastKnownFileType = sourcecode.swift; path = OverlayExampleUITests.swift; sourceTree = "<group>"; };
		FD7E4406260C9F2B00ECB47E /* Info.plist */ = {isa = PBXFileReference; lastKnownFileType = text.plist.xml; path = Info.plist; sourceTree = "<group>"; };
		FD7E4415260C9F4F00ECB47E /* OverlayViewController.swift */ = {isa = PBXFileReference; lastKnownFileType = sourcecode.swift; path = OverlayViewController.swift; sourceTree = "<group>"; };
		FD7E4416260C9F4F00ECB47E /* OverlayViewController.xib */ = {isa = PBXFileReference; lastKnownFileType = file.xib; path = OverlayViewController.xib; sourceTree = "<group>"; };
		FD7E443D260CA35600ECB47E /* AgreementCell.swift */ = {isa = PBXFileReference; lastKnownFileType = sourcecode.swift; path = AgreementCell.swift; sourceTree = "<group>"; };
		FD7E443E260CA35600ECB47E /* AgreementCell.xib */ = {isa = PBXFileReference; lastKnownFileType = file.xib; path = AgreementCell.xib; sourceTree = "<group>"; };
		FD7E4447260CA6DD00ECB47E /* DataOverlay.swift */ = {isa = PBXFileReference; lastKnownFileType = sourcecode.swift; path = DataOverlay.swift; sourceTree = "<group>"; };
/* End PBXFileReference section */

/* Begin PBXFrameworksBuildPhase section */
		FD7E43DC260C9F2700ECB47E /* Frameworks */ = {
			isa = PBXFrameworksBuildPhase;
			buildActionMask = 2147483647;
			files = (
			);
			runOnlyForDeploymentPostprocessing = 0;
		};
		FD7E43F2260C9F2B00ECB47E /* Frameworks */ = {
			isa = PBXFrameworksBuildPhase;
			buildActionMask = 2147483647;
			files = (
			);
			runOnlyForDeploymentPostprocessing = 0;
		};
		FD7E43FD260C9F2B00ECB47E /* Frameworks */ = {
			isa = PBXFrameworksBuildPhase;
			buildActionMask = 2147483647;
			files = (
			);
			runOnlyForDeploymentPostprocessing = 0;
		};
/* End PBXFrameworksBuildPhase section */

/* Begin PBXGroup section */
		FD7E43D6260C9F2700ECB47E = {
			isa = PBXGroup;
			children = (
				FD7E43E1260C9F2700ECB47E /* OverlayExample */,
				FD7E43F8260C9F2B00ECB47E /* OverlayExampleTests */,
				FD7E4403260C9F2B00ECB47E /* OverlayExampleUITests */,
				FD7E43E0260C9F2700ECB47E /* Products */,
			);
			sourceTree = "<group>";
		};
		FD7E43E0260C9F2700ECB47E /* Products */ = {
			isa = PBXGroup;
			children = (
				FD7E43DF260C9F2700ECB47E /* OverlayExample.app */,
				FD7E43F5260C9F2B00ECB47E /* OverlayExampleTests.xctest */,
				FD7E4400260C9F2B00ECB47E /* OverlayExampleUITests.xctest */,
			);
			name = Products;
			sourceTree = "<group>";
		};
		FD7E43E1260C9F2700ECB47E /* OverlayExample */ = {
			isa = PBXGroup;
			children = (
				FD7E43E2260C9F2700ECB47E /* AppDelegate.swift */,
				FD7E43E4260C9F2700ECB47E /* SceneDelegate.swift */,
				FD7E43E6260C9F2700ECB47E /* ViewController.swift */,
				FD7E43E8260C9F2700ECB47E /* Main.storyboard */,
				FD7E43EB260C9F2A00ECB47E /* Assets.xcassets */,
				FD7E43ED260C9F2A00ECB47E /* LaunchScreen.storyboard */,
				FD7E43F0260C9F2A00ECB47E /* Info.plist */,
				FD7E4415260C9F4F00ECB47E /* OverlayViewController.swift */,
				FD7E4416260C9F4F00ECB47E /* OverlayViewController.xib */,
				FD7E443D260CA35600ECB47E /* AgreementCell.swift */,
				FD7E443E260CA35600ECB47E /* AgreementCell.xib */,
				FD7E4447260CA6DD00ECB47E /* DataOverlay.swift */,
			);
			path = OverlayExample;
			sourceTree = "<group>";
		};
		FD7E43F8260C9F2B00ECB47E /* OverlayExampleTests */ = {
			isa = PBXGroup;
			children = (
				FD7E43F9260C9F2B00ECB47E /* OverlayExampleTests.swift */,
				FD7E43FB260C9F2B00ECB47E /* Info.plist */,
			);
			path = OverlayExampleTests;
			sourceTree = "<group>";
		};
		FD7E4403260C9F2B00ECB47E /* OverlayExampleUITests */ = {
			isa = PBXGroup;
			children = (
				FD7E4404260C9F2B00ECB47E /* OverlayExampleUITests.swift */,
				FD7E4406260C9F2B00ECB47E /* Info.plist */,
			);
			path = OverlayExampleUITests;
			sourceTree = "<group>";
		};
/* End PBXGroup section */

/* Begin PBXNativeTarget section */
		FD7E43DE260C9F2700ECB47E /* OverlayExample */ = {
			isa = PBXNativeTarget;
			buildConfigurationList = FD7E4409260C9F2B00ECB47E /* Build configuration list for PBXNativeTarget "OverlayExample" */;
			buildPhases = (
				FD7E43DB260C9F2700ECB47E /* Sources */,
				FD7E43DC260C9F2700ECB47E /* Frameworks */,
				FD7E43DD260C9F2700ECB47E /* Resources */,
			);
			buildRules = (
			);
			dependencies = (
			);
			name = OverlayExample;
			productName = OverlayExample;
			productReference = FD7E43DF260C9F2700ECB47E /* OverlayExample.app */;
			productType = "com.apple.product-type.application";
		};
		FD7E43F4260C9F2B00ECB47E /* OverlayExampleTests */ = {
			isa = PBXNativeTarget;
			buildConfigurationList = FD7E440C260C9F2B00ECB47E /* Build configuration list for PBXNativeTarget "OverlayExampleTests" */;
			buildPhases = (
				FD7E43F1260C9F2B00ECB47E /* Sources */,
				FD7E43F2260C9F2B00ECB47E /* Frameworks */,
				FD7E43F3260C9F2B00ECB47E /* Resources */,
			);
			buildRules = (
			);
			dependencies = (
				FD7E43F7260C9F2B00ECB47E /* PBXTargetDependency */,
			);
			name = OverlayExampleTests;
			productName = OverlayExampleTests;
			productReference = FD7E43F5260C9F2B00ECB47E /* OverlayExampleTests.xctest */;
			productType = "com.apple.product-type.bundle.unit-test";
		};
		FD7E43FF260C9F2B00ECB47E /* OverlayExampleUITests */ = {
			isa = PBXNativeTarget;
			buildConfigurationList = FD7E440F260C9F2B00ECB47E /* Build configuration list for PBXNativeTarget "OverlayExampleUITests" */;
			buildPhases = (
				FD7E43FC260C9F2B00ECB47E /* Sources */,
				FD7E43FD260C9F2B00ECB47E /* Frameworks */,
				FD7E43FE260C9F2B00ECB47E /* Resources */,
			);
			buildRules = (
			);
			dependencies = (
				FD7E4402260C9F2B00ECB47E /* PBXTargetDependency */,
			);
			name = OverlayExampleUITests;
			productName = OverlayExampleUITests;
			productReference = FD7E4400260C9F2B00ECB47E /* OverlayExampleUITests.xctest */;
			productType = "com.apple.product-type.bundle.ui-testing";
		};
/* End PBXNativeTarget section */

/* Begin PBXProject section */
		FD7E43D7260C9F2700ECB47E /* Project object */ = {
			isa = PBXProject;
			attributes = {
				LastSwiftUpdateCheck = 1240;
				LastUpgradeCheck = 1240;
				TargetAttributes = {
					FD7E43DE260C9F2700ECB47E = {
						CreatedOnToolsVersion = 12.4;
					};
					FD7E43F4260C9F2B00ECB47E = {
						CreatedOnToolsVersion = 12.4;
						TestTargetID = FD7E43DE260C9F2700ECB47E;
					};
					FD7E43FF260C9F2B00ECB47E = {
						CreatedOnToolsVersion = 12.4;
						TestTargetID = FD7E43DE260C9F2700ECB47E;
					};
				};
			};
			buildConfigurationList = FD7E43DA260C9F2700ECB47E /* Build configuration list for PBXProject "OverlayExample" */;
			compatibilityVersion = "Xcode 9.3";
			developmentRegion = en;
			hasScannedForEncodings = 0;
			knownRegions = (
				en,
				Base,
			);
			mainGroup = FD7E43D6260C9F2700ECB47E;
			productRefGroup = FD7E43E0260C9F2700ECB47E /* Products */;
			projectDirPath = "";
			projectRoot = "";
			targets = (
				FD7E43DE260C9F2700ECB47E /* OverlayExample */,
				FD7E43F4260C9F2B00ECB47E /* OverlayExampleTests */,
				FD7E43FF260C9F2B00ECB47E /* OverlayExampleUITests */,
			);
		};
/* End PBXProject section */

/* Begin PBXResourcesBuildPhase section */
		FD7E43DD260C9F2700ECB47E /* Resources */ = {
			isa = PBXResourcesBuildPhase;
			buildActionMask = 2147483647;
			files = (
				FD7E43EF260C9F2A00ECB47E /* LaunchScreen.storyboard in Resources */,
				FD7E43EC260C9F2A00ECB47E /* Assets.xcassets in Resources */,
				FD7E43EA260C9F2700ECB47E /* Main.storyboard in Resources */,
				FD7E4440260CA35600ECB47E /* AgreementCell.xib in Resources */,
				FD7E4418260C9F4F00ECB47E /* OverlayViewController.xib in Resources */,
			);
			runOnlyForDeploymentPostprocessing = 0;
		};
		FD7E43F3260C9F2B00ECB47E /* Resources */ = {
			isa = PBXResourcesBuildPhase;
			buildActionMask = 2147483647;
			files = (
			);
			runOnlyForDeploymentPostprocessing = 0;
		};
		FD7E43FE260C9F2B00ECB47E /* Resources */ = {
			isa = PBXResourcesBuildPhase;
			buildActionMask = 2147483647;
			files = (
			);
			runOnlyForDeploymentPostprocessing = 0;
		};
/* End PBXResourcesBuildPhase section */

/* Begin PBXSourcesBuildPhase section */
		FD7E43DB260C9F2700ECB47E /* Sources */ = {
			isa = PBXSourcesBuildPhase;
			buildActionMask = 2147483647;
			files = (
				FD7E43E7260C9F2700ECB47E /* ViewController.swift in Sources */,
				FD7E43E3260C9F2700ECB47E /* AppDelegate.swift in Sources */,
				FD7E443F260CA35600ECB47E /* AgreementCell.swift in Sources */,
				FD7E43E5260C9F2700ECB47E /* SceneDelegate.swift in Sources */,
				FD7E4448260CA6DD00ECB47E /* DataOverlay.swift in Sources */,
				FD7E4417260C9F4F00ECB47E /* OverlayViewController.swift in Sources */,
			);
			runOnlyForDeploymentPostprocessing = 0;
		};
		FD7E43F1260C9F2B00ECB47E /* Sources */ = {
			isa = PBXSourcesBuildPhase;
			buildActionMask = 2147483647;
			files = (
				FD7E43FA260C9F2B00ECB47E /* OverlayExampleTests.swift in Sources */,
			);
			runOnlyForDeploymentPostprocessing = 0;
		};
		FD7E43FC260C9F2B00ECB47E /* Sources */ = {
			isa = PBXSourcesBuildPhase;
			buildActionMask = 2147483647;
			files = (
				FD7E4405260C9F2B00ECB47E /* OverlayExampleUITests.swift in Sources */,
			);
			runOnlyForDeploymentPostprocessing = 0;
		};
/* End PBXSourcesBuildPhase section */

/* Begin PBXTargetDependency section */
		FD7E43F7260C9F2B00ECB47E /* PBXTargetDependency */ = {
			isa = PBXTargetDependency;
			target = FD7E43DE260C9F2700ECB47E /* OverlayExample */;
			targetProxy = FD7E43F6260C9F2B00ECB47E /* PBXContainerItemProxy */;
		};
		FD7E4402260C9F2B00ECB47E /* PBXTargetDependency */ = {
			isa = PBXTargetDependency;
			target = FD7E43DE260C9F2700ECB47E /* OverlayExample */;
			targetProxy = FD7E4401260C9F2B00ECB47E /* PBXContainerItemProxy */;
		};
/* End PBXTargetDependency section */

/* Begin PBXVariantGroup section */
		FD7E43E8260C9F2700ECB47E /* Main.storyboard */ = {
			isa = PBXVariantGroup;
			children = (
				FD7E43E9260C9F2700ECB47E /* Base */,
			);
			name = Main.storyboard;
			sourceTree = "<group>";
		};
		FD7E43ED260C9F2A00ECB47E /* LaunchScreen.storyboard */ = {
			isa = PBXVariantGroup;
			children = (
				FD7E43EE260C9F2A00ECB47E /* Base */,
			);
			name = LaunchScreen.storyboard;
			sourceTree = "<group>";
		};
/* End PBXVariantGroup section */

/* Begin XCBuildConfiguration section */
		FD7E4407260C9F2B00ECB47E /* Debug */ = {
			isa = XCBuildConfiguration;
			buildSettings = {
				ALWAYS_SEARCH_USER_PATHS = NO;
				CLANG_ANALYZER_NONNULL = YES;
				CLANG_ANALYZER_NUMBER_OBJECT_CONVERSION = YES_AGGRESSIVE;
				CLANG_CXX_LANGUAGE_STANDARD = "gnu++14";
				CLANG_CXX_LIBRARY = "libc++";
				CLANG_ENABLE_MODULES = YES;
				CLANG_ENABLE_OBJC_ARC = YES;
				CLANG_ENABLE_OBJC_WEAK = YES;
				CLANG_WARN_BLOCK_CAPTURE_AUTORELEASING = YES;
				CLANG_WARN_BOOL_CONVERSION = YES;
				CLANG_WARN_COMMA = YES;
				CLANG_WARN_CONSTANT_CONVERSION = YES;
				CLANG_WARN_DEPRECATED_OBJC_IMPLEMENTATIONS = YES;
				CLANG_WARN_DIRECT_OBJC_ISA_USAGE = YES_ERROR;
				CLANG_WARN_DOCUMENTATION_COMMENTS = YES;
				CLANG_WARN_EMPTY_BODY = YES;
				CLANG_WARN_ENUM_CONVERSION = YES;
				CLANG_WARN_INFINITE_RECURSION = YES;
				CLANG_WARN_INT_CONVERSION = YES;
				CLANG_WARN_NON_LITERAL_NULL_CONVERSION = YES;
				CLANG_WARN_OBJC_IMPLICIT_RETAIN_SELF = YES;
				CLANG_WARN_OBJC_LITERAL_CONVERSION = YES;
				CLANG_WARN_OBJC_ROOT_CLASS = YES_ERROR;
				CLANG_WARN_QUOTED_INCLUDE_IN_FRAMEWORK_HEADER = YES;
				CLANG_WARN_RANGE_LOOP_ANALYSIS = YES;
				CLANG_WARN_STRICT_PROTOTYPES = YES;
				CLANG_WARN_SUSPICIOUS_MOVE = YES;
				CLANG_WARN_UNGUARDED_AVAILABILITY = YES_AGGRESSIVE;
				CLANG_WARN_UNREACHABLE_CODE = YES;
				CLANG_WARN__DUPLICATE_METHOD_MATCH = YES;
				COPY_PHASE_STRIP = NO;
				DEBUG_INFORMATION_FORMAT = dwarf;
				ENABLE_STRICT_OBJC_MSGSEND = YES;
				ENABLE_TESTABILITY = YES;
				GCC_C_LANGUAGE_STANDARD = gnu11;
				GCC_DYNAMIC_NO_PIC = NO;
				GCC_NO_COMMON_BLOCKS = YES;
				GCC_OPTIMIZATION_LEVEL = 0;
				GCC_PREPROCESSOR_DEFINITIONS = (
					"DEBUG=1",
					"$(inherited)",
				);
				GCC_WARN_64_TO_32_BIT_CONVERSION = YES;
				GCC_WARN_ABOUT_RETURN_TYPE = YES_ERROR;
				GCC_WARN_UNDECLARED_SELECTOR = YES;
				GCC_WARN_UNINITIALIZED_AUTOS = YES_AGGRESSIVE;
				GCC_WARN_UNUSED_FUNCTION = YES;
				GCC_WARN_UNUSED_VARIABLE = YES;
				IPHONEOS_DEPLOYMENT_TARGET = 14.4;
				MTL_ENABLE_DEBUG_INFO = INCLUDE_SOURCE;
				MTL_FAST_MATH = YES;
				ONLY_ACTIVE_ARCH = YES;
				SDKROOT = iphoneos;
				SWIFT_ACTIVE_COMPILATION_CONDITIONS = DEBUG;
				SWIFT_OPTIMIZATION_LEVEL = "-Onone";
			};
			name = Debug;
		};
		FD7E4408260C9F2B00ECB47E /* Release */ = {
			isa = XCBuildConfiguration;
			buildSettings = {
				ALWAYS_SEARCH_USER_PATHS = NO;
				CLANG_ANALYZER_NONNULL = YES;
				CLANG_ANALYZER_NUMBER_OBJECT_CONVERSION = YES_AGGRESSIVE;
				CLANG_CXX_LANGUAGE_STANDARD = "gnu++14";
				CLANG_CXX_LIBRARY = "libc++";
				CLANG_ENABLE_MODULES = YES;
				CLANG_ENABLE_OBJC_ARC = YES;
				CLANG_ENABLE_OBJC_WEAK = YES;
				CLANG_WARN_BLOCK_CAPTURE_AUTORELEASING = YES;
				CLANG_WARN_BOOL_CONVERSION = YES;
				CLANG_WARN_COMMA = YES;
				CLANG_WARN_CONSTANT_CONVERSION = YES;
				CLANG_WARN_DEPRECATED_OBJC_IMPLEMENTATIONS = YES;
				CLANG_WARN_DIRECT_OBJC_ISA_USAGE = YES_ERROR;
				CLANG_WARN_DOCUMENTATION_COMMENTS = YES;
				CLANG_WARN_EMPTY_BODY = YES;
				CLANG_WARN_ENUM_CONVERSION = YES;
				CLANG_WARN_INFINITE_RECURSION = YES;
				CLANG_WARN_INT_CONVERSION = YES;
				CLANG_WARN_NON_LITERAL_NULL_CONVERSION = YES;
				CLANG_WARN_OBJC_IMPLICIT_RETAIN_SELF = YES;
				CLANG_WARN_OBJC_LITERAL_CONVERSION = YES;
				CLANG_WARN_OBJC_ROOT_CLASS = YES_ERROR;
				CLANG_WARN_QUOTED_INCLUDE_IN_FRAMEWORK_HEADER = YES;
				CLANG_WARN_RANGE_LOOP_ANALYSIS = YES;
				CLANG_WARN_STRICT_PROTOTYPES = YES;
				CLANG_WARN_SUSPICIOUS_MOVE = YES;
				CLANG_WARN_UNGUARDED_AVAILABILITY = YES_AGGRESSIVE;
				CLANG_WARN_UNREACHABLE_CODE = YES;
				CLANG_WARN__DUPLICATE_METHOD_MATCH = YES;
				COPY_PHASE_STRIP = NO;
				DEBUG_INFORMATION_FORMAT = "dwarf-with-dsym";
				ENABLE_NS_ASSERTIONS = NO;
				ENABLE_STRICT_OBJC_MSGSEND = YES;
				GCC_C_LANGUAGE_STANDARD = gnu11;
				GCC_NO_COMMON_BLOCKS = YES;
				GCC_WARN_64_TO_32_BIT_CONVERSION = YES;
				GCC_WARN_ABOUT_RETURN_TYPE = YES_ERROR;
				GCC_WARN_UNDECLARED_SELECTOR = YES;
				GCC_WARN_UNINITIALIZED_AUTOS = YES_AGGRESSIVE;
				GCC_WARN_UNUSED_FUNCTION = YES;
				GCC_WARN_UNUSED_VARIABLE = YES;
				IPHONEOS_DEPLOYMENT_TARGET = 14.4;
				MTL_ENABLE_DEBUG_INFO = NO;
				MTL_FAST_MATH = YES;
				SDKROOT = iphoneos;
				SWIFT_COMPILATION_MODE = wholemodule;
				SWIFT_OPTIMIZATION_LEVEL = "-O";
				VALIDATE_PRODUCT = YES;
			};
			name = Release;
		};
		FD7E440A260C9F2B00ECB47E /* Debug */ = {
			isa = XCBuildConfiguration;
			buildSettings = {
				ASSETCATALOG_COMPILER_APPICON_NAME = AppIcon;
				ASSETCATALOG_COMPILER_GLOBAL_ACCENT_COLOR_NAME = AccentColor;
				CODE_SIGN_STYLE = Automatic;
				INFOPLIST_FILE = OverlayExample/Info.plist;
				LD_RUNPATH_SEARCH_PATHS = (
					"$(inherited)",
					"@executable_path/Frameworks",
				);
				PRODUCT_BUNDLE_IDENTIFIER = edo.OverlayExample;
				PRODUCT_NAME = "$(TARGET_NAME)";
				SWIFT_VERSION = 5.0;
				TARGETED_DEVICE_FAMILY = "1,2";
			};
			name = Debug;
		};
		FD7E440B260C9F2B00ECB47E /* Release */ = {
			isa = XCBuildConfiguration;
			buildSettings = {
				ASSETCATALOG_COMPILER_APPICON_NAME = AppIcon;
				ASSETCATALOG_COMPILER_GLOBAL_ACCENT_COLOR_NAME = AccentColor;
				CODE_SIGN_STYLE = Automatic;
				INFOPLIST_FILE = OverlayExample/Info.plist;
				LD_RUNPATH_SEARCH_PATHS = (
					"$(inherited)",
					"@executable_path/Frameworks",
				);
				PRODUCT_BUNDLE_IDENTIFIER = edo.OverlayExample;
				PRODUCT_NAME = "$(TARGET_NAME)";
				SWIFT_VERSION = 5.0;
				TARGETED_DEVICE_FAMILY = "1,2";
			};
			name = Release;
		};
		FD7E440D260C9F2B00ECB47E /* Debug */ = {
			isa = XCBuildConfiguration;
			buildSettings = {
				ALWAYS_EMBED_SWIFT_STANDARD_LIBRARIES = YES;
				BUNDLE_LOADER = "$(TEST_HOST)";
				CODE_SIGN_STYLE = Automatic;
				INFOPLIST_FILE = OverlayExampleTests/Info.plist;
				IPHONEOS_DEPLOYMENT_TARGET = 14.4;
				LD_RUNPATH_SEARCH_PATHS = (
					"$(inherited)",
					"@executable_path/Frameworks",
					"@loader_path/Frameworks",
				);
				PRODUCT_BUNDLE_IDENTIFIER = edo.OverlayExampleTests;
				PRODUCT_NAME = "$(TARGET_NAME)";
				SWIFT_VERSION = 5.0;
				TARGETED_DEVICE_FAMILY = "1,2";
				TEST_HOST = "$(BUILT_PRODUCTS_DIR)/OverlayExample.app/OverlayExample";
			};
			name = Debug;
		};
		FD7E440E260C9F2B00ECB47E /* Release */ = {
			isa = XCBuildConfiguration;
			buildSettings = {
				ALWAYS_EMBED_SWIFT_STANDARD_LIBRARIES = YES;
				BUNDLE_LOADER = "$(TEST_HOST)";
				CODE_SIGN_STYLE = Automatic;
				INFOPLIST_FILE = OverlayExampleTests/Info.plist;
				IPHONEOS_DEPLOYMENT_TARGET = 14.4;
				LD_RUNPATH_SEARCH_PATHS = (
					"$(inherited)",
					"@executable_path/Frameworks",
					"@loader_path/Frameworks",
				);
				PRODUCT_BUNDLE_IDENTIFIER = edo.OverlayExampleTests;
				PRODUCT_NAME = "$(TARGET_NAME)";
				SWIFT_VERSION = 5.0;
				TARGETED_DEVICE_FAMILY = "1,2";
				TEST_HOST = "$(BUILT_PRODUCTS_DIR)/OverlayExample.app/OverlayExample";
			};
			name = Release;
		};
		FD7E4410260C9F2B00ECB47E /* Debug */ = {
			isa = XCBuildConfiguration;
			buildSettings = {
				ALWAYS_EMBED_SWIFT_STANDARD_LIBRARIES = YES;
				CODE_SIGN_STYLE = Automatic;
				INFOPLIST_FILE = OverlayExampleUITests/Info.plist;
				LD_RUNPATH_SEARCH_PATHS = (
					"$(inherited)",
					"@executable_path/Frameworks",
					"@loader_path/Frameworks",
				);
				PRODUCT_BUNDLE_IDENTIFIER = edo.OverlayExampleUITests;
				PRODUCT_NAME = "$(TARGET_NAME)";
				SWIFT_VERSION = 5.0;
				TARGETED_DEVICE_FAMILY = "1,2";
				TEST_TARGET_NAME = OverlayExample;
			};
			name = Debug;
		};
		FD7E4411260C9F2B00ECB47E /* Release */ = {
			isa = XCBuildConfiguration;
			buildSettings = {
				ALWAYS_EMBED_SWIFT_STANDARD_LIBRARIES = YES;
				CODE_SIGN_STYLE = Automatic;
				INFOPLIST_FILE = OverlayExampleUITests/Info.plist;
				LD_RUNPATH_SEARCH_PATHS = (
					"$(inherited)",
					"@executable_path/Frameworks",
					"@loader_path/Frameworks",
				);
				PRODUCT_BUNDLE_IDENTIFIER = edo.OverlayExampleUITests;
				PRODUCT_NAME = "$(TARGET_NAME)";
				SWIFT_VERSION = 5.0;
				TARGETED_DEVICE_FAMILY = "1,2";
				TEST_TARGET_NAME = OverlayExample;
			};
			name = Release;
		};
/* End XCBuildConfiguration section */

/* Begin XCConfigurationList section */
		FD7E43DA260C9F2700ECB47E /* Build configuration list for PBXProject "OverlayExample" */ = {
			isa = XCConfigurationList;
			buildConfigurations = (
				FD7E4407260C9F2B00ECB47E /* Debug */,
				FD7E4408260C9F2B00ECB47E /* Release */,
			);
			defaultConfigurationIsVisible = 0;
			defaultConfigurationName = Release;
		};
		FD7E4409260C9F2B00ECB47E /* Build configuration list for PBXNativeTarget "OverlayExample" */ = {
			isa = XCConfigurationList;
			buildConfigurations = (
				FD7E440A260C9F2B00ECB47E /* Debug */,
				FD7E440B260C9F2B00ECB47E /* Release */,
			);
			defaultConfigurationIsVisible = 0;
			defaultConfigurationName = Release;
		};
		FD7E440C260C9F2B00ECB47E /* Build configuration list for PBXNativeTarget "OverlayExampleTests" */ = {
			isa = XCConfigurationList;
			buildConfigurations = (
				FD7E440D260C9F2B00ECB47E /* Debug */,
				FD7E440E260C9F2B00ECB47E /* Release */,
			);
			defaultConfigurationIsVisible = 0;
			defaultConfigurationName = Release;
		};
		FD7E440F260C9F2B00ECB47E /* Build configuration list for PBXNativeTarget "OverlayExampleUITests" */ = {
			isa = XCConfigurationList;
			buildConfigurations = (
				FD7E4410260C9F2B00ECB47E /* Debug */,
				FD7E4411260C9F2B00ECB47E /* Release */,
			);
			defaultConfigurationIsVisible = 0;
			defaultConfigurationName = Release;
		};
/* End XCConfigurationList section */
	};
	rootObject = FD7E43D7260C9F2700ECB47E /* Project object */;
}
